Microsoft Visual Studio Solution File, Format Version 12.00
# Visual Studio 15
VisualStudioVersion = 15.0.27004.2002
MinimumVisualStudioVersion = 10.0.40219.1
Project("{FAE04EC0-301F-11D3-BF4B-00C04F79EFBC}") = "Holdings", "src\Holdings\Holdings.csproj", "{4C84BBC3-667D-42FC-8BEF-187CECDC4447}"
EndProject
Project("{FAE04EC0-301F-11D3-BF4B-00C04F79EFBC}") = "Holdings.Data", "src\Holdings.Data\Holdings.Data.csproj", "{F040C382-9B45-46A3-B5D1-814877773E66}"
EndProject
Project("{FAE04EC0-301F-11D3-BF4B-00C04F79EFBC}") = "Holdings.CLI", "src\Holdings.CLI\Holdings.CLI.csproj", "{04FE627C-E8CC-4DD4-8796-D0002C0B5B35}"
EndProject
Project("{2150E333-8FDC-42A3-9474-1A3956D46DE8}") = "ApiClients", "ApiClients", "{DA27DE5B-E4CE-4F03-8B68-A05F32DDA8E0}"
EndProject
Project("{FAE04EC0-301F-11D3-BF4B-00C04F79EFBC}") = "Holdings.ApiClients.Binance", "src\ApiClients\Holdings.ApiClients.Binance\Holdings.ApiClients.Binance.csproj", "{8F3CE7D9-8039-4D7D-85E2-596DA585A0EC}"
EndProject
Global
	GlobalSection(SolutionConfigurationPlatforms) = preSolution
		Debug|Any CPU = Debug|Any CPU
		Release|Any CPU = Release|Any CPU
	EndGlobalSection
	GlobalSection(ProjectConfigurationPlatforms) = postSolution
		{4C84BBC3-667D-42FC-8BEF-187CECDC4447}.Debug|Any CPU.ActiveCfg = Debug|Any CPU
		{4C84BBC3-667D-42FC-8BEF-187CECDC4447}.Debug|Any CPU.Build.0 = Debug|Any CPU
		{4C84BBC3-667D-42FC-8BEF-187CECDC4447}.Release|Any CPU.ActiveCfg = Release|Any CPU
		{4C84BBC3-667D-42FC-8BEF-187CECDC4447}.Release|Any CPU.Build.0 = Release|Any CPU
		{F040C382-9B45-46A3-B5D1-814877773E66}.Debug|Any CPU.ActiveCfg = Debug|Any CPU
		{F040C382-9B45-46A3-B5D1-814877773E66}.Debug|Any CPU.Build.0 = Debug|Any CPU
		{F040C382-9B45-46A3-B5D1-814877773E66}.Release|Any CPU.ActiveCfg = Release|Any CPU
		{F040C382-9B45-46A3-B5D1-814877773E66}.Release|Any CPU.Build.0 = Release|Any CPU
		{04FE627C-E8CC-4DD4-8796-D0002C0B5B35}.Debug|Any CPU.ActiveCfg = Debug|Any CPU
		{04FE627C-E8CC-4DD4-8796-D0002C0B5B35}.Debug|Any CPU.Build.0 = Debug|Any CPU
		{04FE627C-E8CC-4DD4-8796-D0002C0B5B35}.Release|Any CPU.ActiveCfg = Release|Any CPU
		{04FE627C-E8CC-4DD4-8796-D0002C0B5B35}.Release|Any CPU.Build.0 = Release|Any CPU
		{8F3CE7D9-8039-4D7D-85E2-596DA585A0EC}.Debug|Any CPU.ActiveCfg = Debug|Any CPU
		{8F3CE7D9-8039-4D7D-85E2-596DA585A0EC}.Debug|Any CPU.Build.0 = Debug|Any CPU
		{8F3CE7D9-8039-4D7D-85E2-596DA585A0EC}.Release|Any CPU.ActiveCfg = Release|Any CPU
		{8F3CE7D9-8039-4D7D-85E2-596DA585A0EC}.Release|Any CPU.Build.0 = Release|Any CPU
	EndGlobalSection
	GlobalSection(SolutionProperties) = preSolution
		HideSolutionNode = FALSE
	EndGlobalSection
	GlobalSection(NestedProjects) = preSolution
		{8F3CE7D9-8039-4D7D-85E2-596DA585A0EC} = {DA27DE5B-E4CE-4F03-8B68-A05F32DDA8E0}
	EndGlobalSection
	GlobalSection(ExtensibilityGlobals) = postSolution
		SolutionGuid = {78A26466-81CC-4291-A73C-4B4243BF7489}
	EndGlobalSection
EndGlobal
